// !$*UTF8*$!
{
	archiveVersion = 1;
	classes = {
	};
	objectVersion = 46;
	objects = {

/* Begin PBXBuildFile section */
		4DEA6AE71C98F4A2004AEF83 /* AppDelegate.swift in Sources */ = {isa = PBXBuildFile; fileRef = 4DEA6AE61C98F4A2004AEF83 /* AppDelegate.swift */; };
		4DEA6AE91C98F4A2004AEF83 /* Assets.xcassets in Resources */ = {isa = PBXBuildFile; fileRef = 4DEA6AE81C98F4A2004AEF83 /* Assets.xcassets */; };
		4DEA6AEC1C98F4A2004AEF83 /* MainMenu.xib in Resources */ = {isa = PBXBuildFile; fileRef = 4DEA6AEA1C98F4A2004AEF83 /* MainMenu.xib */; };
/* End PBXBuildFile section */

/* Begin PBXFileReference section */
		4DEA6AE31C98F4A2004AEF83 /* HeadTracker.app */ = {isa = PBXFileReference; explicitFileType = wrapper.application; includeInIndex = 0; path = HeadTracker.app; sourceTree = BUILT_PRODUCTS_DIR; };
		4DEA6AE61C98F4A2004AEF83 /* AppDelegate.swift */ = {isa = PBXFileReference; lastKnownFileType = sourcecode.swift; path = AppDelegate.swift; sourceTree = "<group>"; };
		4DEA6AE81C98F4A2004AEF83 /* Assets.xcassets */ = {isa = PBXFileReference; lastKnownFileType = folder.assetcatalog; path = Assets.xcassets; sourceTree = "<group>"; };
		4DEA6AEB1C98F4A2004AEF83 /* Base */ = {isa = PBXFileReference; lastKnownFileType = file.xib; name = Base; path = Base.lproj/MainMenu.xib; sourceTree = "<group>"; };
		4DEA6AED1C98F4A2004AEF83 /* Info.plist */ = {isa = PBXFileReference; lastKnownFileType = text.plist.xml; path = Info.plist; sourceTree = "<group>"; };
/* End PBXFileReference section */

/* Begin PBXFrameworksBuildPhase section */
		4DEA6AE01C98F4A2004AEF83 /* Frameworks */ = {
			isa = PBXFrameworksBuildPhase;
			buildActionMask = 2147483647;
			files = (
			);
			runOnlyForDeploymentPostprocessing = 0;
		};
/* End PBXFrameworksBuildPhase section */

/* Begin PBXGroup section */
		4DEA6ADA1C98F4A2004AEF83 = {
			isa = PBXGroup;
			children = (
				4DEA6AE51C98F4A2004AEF83 /* HeadTracker */,
				4DEA6AE41C98F4A2004AEF83 /* Products */,
			);
			sourceTree = "<group>";
		};
		4DEA6AE41C98F4A2004AEF83 /* Products */ = {
			isa = PBXGroup;
			children = (
				4DEA6AE31C98F4A2004AEF83 /* HeadTracker.app */,
			);
			name = Products;
			sourceTree = "<group>";
		};
		4DEA6AE51C98F4A2004AEF83 /* HeadTracker */ = {
			isa = PBXGroup;
			children = (
				4DEA6AE61C98F4A2004AEF83 /* AppDelegate.swift */,
				4DEA6AE81C98F4A2004AEF83 /* Assets.xcassets */,
				4DEA6AEA1C98F4A2004AEF83 /* MainMenu.xib */,
				4DEA6AED1C98F4A2004AEF83 /* Info.plist */,
			);
			path = HeadTracker;
			sourceTree = "<group>";
		};
/* End PBXGroup section */

/* Begin PBXNativeTarget section */
		4DEA6AE21C98F4A2004AEF83 /* HeadTracker */ = {
			isa = PBXNativeTarget;
			buildConfigurationList = 4DEA6AF01C98F4A2004AEF83 /* Build configuration list for PBXNativeTarget "HeadTracker" */;
			buildPhases = (
				4DEA6ADF1C98F4A2004AEF83 /* Sources */,
				4DEA6AE01C98F4A2004AEF83 /* Frameworks */,
				4DEA6AE11C98F4A2004AEF83 /* Resources */,
			);
			buildRules = (
			);
			dependencies = (
			);
			name = HeadTracker;
			productName = HeadTracker;
			productReference = 4DEA6AE31C98F4A2004AEF83 /* HeadTracker.app */;
			productType = "com.apple.product-type.application";
		};
/* End PBXNativeTarget section */

/* Begin PBXProject section */
		4DEA6ADB1C98F4A2004AEF83 /* Project object */ = {
			isa = PBXProject;
			attributes = {
				LastSwiftUpdateCheck = 0720;
				LastUpgradeCheck = 0720;
				ORGANIZATIONNAME = "Masaki Fujimoto";
				TargetAttributes = {
					4DEA6AE21C98F4A2004AEF83 = {
						CreatedOnToolsVersion = 7.2.1;
					};
				};
			};
			buildConfigurationList = 4DEA6ADE1C98F4A2004AEF83 /* Build configuration list for PBXProject "HeadTracker" */;
			compatibilityVersion = "Xcode 3.2";
			developmentRegion = English;
			hasScannedForEncodings = 0;
			knownRegions = (
				en,
				Base,
			);
			mainGroup = 4DEA6ADA1C98F4A2004AEF83;
			productRefGroup = 4DEA6AE41C98F4A2004AEF83 /* Products */;
			projectDirPath = "";
			projectRoot = "";
			targets = (
				4DEA6AE21C98F4A2004AEF83 /* HeadTracker */,
			);
		};
/* End PBXProject section */

/* Begin PBXResourcesBuildPhase section */
		4DEA6AE11C98F4A2004AEF83 /* Resources */ = {
			isa = PBXResourcesBuildPhase;
			buildActionMask = 2147483647;
			files = (
				4DEA6AE91C98F4A2004AEF83 /* Assets.xcassets in Resources */,
				4DEA6AEC1C98F4A2004AEF83 /* MainMenu.xib in Resources */,
			);
			runOnlyForDeploymentPostprocessing = 0;
		};
/* End PBXResourcesBuildPhase section */

/* Begin PBXSourcesBuildPhase section */
		4DEA6ADF1C98F4A2004AEF83 /* Sources */ = {
			isa = PBXSourcesBuildPhase;
			buildActionMask = 2147483647;
			files = (
				4DEA6AE71C98F4A2004AEF83 /* AppDelegate.swift in Sources */,
			);
			runOnlyForDeploymentPostprocessing = 0;
		};
/* End PBXSourcesBuildPhase section */

/* Begin PBXVariantGroup section */
		4DEA6AEA1C98F4A2004AEF83 /* MainMenu.xib */ = {
			isa = PBXVariantGroup;
			children = (
				4DEA6AEB1C98F4A2004AEF83 /* Base */,
			);
			name = MainMenu.xib;
			sourceTree = "<group>";
		};
/* End PBXVariantGroup section */

/* Begin XCBuildConfiguration section */
		4DEA6AEE1C98F4A2004AEF83 /* Debug */ = {
			isa = XCBuildConfiguration;
			buildSettings = {
				ALWAYS_SEARCH_USER_PATHS = NO;
				CLANG_CXX_LANGUAGE_STANDARD = "gnu++0x";
				CLANG_CXX_LIBRARY = "libc++";
				CLANG_ENABLE_MODULES = YES;
				CLANG_ENABLE_OBJC_ARC = YES;
				CLANG_WARN_BOOL_CONVERSION = YES;
				CLANG_WARN_CONSTANT_CONVERSION = YES;
				CLANG_WARN_DIRECT_OBJC_ISA_USAGE = YES_ERROR;
				CLANG_WARN_EMPTY_BODY = YES;
				CLANG_WARN_ENUM_CONVERSION = YES;
				CLANG_WARN_INT_CONVERSION = YES;
				CLANG_WARN_OBJC_ROOT_CLASS = YES_ERROR;
				CLANG_WARN_UNREACHABLE_CODE = YES;
				CLANG_WARN__DUPLICATE_METHOD_MATCH = YES;
				CODE_SIGN_IDENTITY = "-";
				COPY_PHASE_STRIP = NO;
				DEBUG_INFORMATION_FORMAT = dwarf;
				ENABLE_STRICT_OBJC_MSGSEND = YES;
				ENABLE_TESTABILITY = YES;
				GCC_C_LANGUAGE_STANDARD = gnu99;
				GCC_DYNAMIC_NO_PIC = NO;
				GCC_NO_COMMON_BLOCKS = YES;
				GCC_OPTIMIZATION_LEVEL = 0;
				GCC_PREPROCESSOR_DEFINITIONS = (
					"DEBUG=1",
					"$(inherited)",
				);
				GCC_WARN_64_TO_32_BIT_CONVERSION = YES;
				GCC_WARN_ABOUT_RETURN_TYPE = YES_ERROR;
				GCC_WARN_UNDECLARED_SELECTOR = YES;
				GCC_WARN_UNINITIALIZED_AUTOS = YES_AGGRESSIVE;
				GCC_WARN_UNUSED_FUNCTION = YES;
				GCC_WARN_UNUSED_VARIABLE = YES;
				MACOSX_DEPLOYMENT_TARGET = 10.11;
				MTL_ENABLE_DEBUG_INFO = YES;
				ONLY_ACTIVE_ARCH = YES;
				SDKROOT = macosx;
				SWIFT_OPTIMIZATION_LEVEL = "-Onone";
			};
			name = Debug;
		};
		4DEA6AEF1C98F4A2004AEF83 /* Release */ = {
			isa = XCBuildConfiguration;
			buildSettings = {
				ALWAYS_SEARCH_USER_PATHS = NO;
				CLANG_CXX_LANGUAGE_STANDARD = "gnu++0x";
				CLANG_CXX_LIBRARY = "libc++";
				CLANG_ENABLE_MODULES = YES;
				CLANG_ENABLE_OBJC_ARC = YES;
				CLANG_WARN_BOOL_CONVERSION = YES;
				CLANG_WARN_CONSTANT_CONVERSION = YES;
				CLANG_WARN_DIRECT_OBJC_ISA_USAGE = YES_ERROR;
				CLANG_WARN_EMPTY_BODY = YES;
				CLANG_WARN_ENUM_CONVERSION = YES;
				CLANG_WARN_INT_CONVERSION = YES;
				CLANG_WARN_OBJC_ROOT_CLASS = YES_ERROR;
				CLANG_WARN_UNREACHABLE_CODE = YES;
				CLANG_WARN__DUPLICATE_METHOD_MATCH = YES;
				CODE_SIGN_IDENTITY = "-";
				COPY_PHASE_STRIP = NO;
				DEBUG_INFORMATION_FORMAT = "dwarf-with-dsym";
				ENABLE_NS_ASSERTIONS = NO;
				ENABLE_STRICT_OBJC_MSGSEND = YES;
				GCC_C_LANGUAGE_STANDARD = gnu99;
				GCC_NO_COMMON_BLOCKS = YES;
				GCC_WARN_64_TO_32_BIT_CONVERSION = YES;
				GCC_WARN_ABOUT_RETURN_TYPE = YES_ERROR;
				GCC_WARN_UNDECLARED_SELECTOR = YES;
				GCC_WARN_UNINITIALIZED_AUTOS = YES_AGGRESSIVE;
				GCC_WARN_UNUSED_FUNCTION = YES;
				GCC_WARN_UNUSED_VARIABLE = YES;
				MACOSX_DEPLOYMENT_TARGET = 10.11;
				MTL_ENABLE_DEBUG_INFO = NO;
				SDKROOT = macosx;
			};
			name = Release;
		};
		4DEA6AF11C98F4A2004AEF83 /* Debug */ = {
			isa = XCBuildConfiguration;
			buildSettings = {
				ASSETCATALOG_COMPILER_APPICON_NAME = AppIcon;
				COMBINE_HIDPI_IMAGES = YES;
				INFOPLIST_FILE = HeadTracker/Info.plist;
				LD_RUNPATH_SEARCH_PATHS = "$(inherited) @executable_path/../Frameworks";
				PRODUCT_BUNDLE_IDENTIFIER = fund.code.HeadTracker;
				PRODUCT_NAME = "$(TARGET_NAME)";
			};
			name = Debug;
		};
		4DEA6AF21C98F4A2004AEF83 /* Release */ = {
			isa = XCBuildConfiguration;
			buildSettings = {
				ASSETCATALOG_COMPILER_APPICON_NAME = AppIcon;
				COMBINE_HIDPI_IMAGES = YES;
				INFOPLIST_FILE = HeadTracker/Info.plist;
				LD_RUNPATH_SEARCH_PATHS = "$(inherited) @executable_path/../Frameworks";
				PRODUCT_BUNDLE_IDENTIFIER = fund.code.HeadTracker;
				PRODUCT_NAME = "$(TARGET_NAME)";
			};
			name = Release;
		};
/* End XCBuildConfiguration section */

/* Begin XCConfigurationList section */
		4DEA6ADE1C98F4A2004AEF83 /* Build configuration list for PBXProject "HeadTracker" */ = {
			isa = XCConfigurationList;
			buildConfigurations = (
				4DEA6AEE1C98F4A2004AEF83 /* Debug */,
				4DEA6AEF1C98F4A2004AEF83 /* Release */,
			);
			defaultConfigurationIsVisible = 0;
			defaultConfigurationName = Release;
		};
		4DEA6AF01C98F4A2004AEF83 /* Build configuration list for PBXNativeTarget "HeadTracker" */ = {
			isa = XCConfigurationList;
			buildConfigurations = (
				4DEA6AF11C98F4A2004AEF83 /* Debug */,
				4DEA6AF21C98F4A2004AEF83 /* Release */,
			);
			defaultConfigurationIsVisible = 0;
		};
/* End XCConfigurationList section */
	};
	rootObject = 4DEA6ADB1C98F4A2004AEF83 /* Project object */;
}
